// !$*UTF8*$!
{
	archiveVersion = 1;
	classes = {
	};
	objectVersion = 46;
	objects = {

/* Begin PBXBuildFile section */
		E7567F60169B5B38004B51EC /* QuartzCore.framework in Frameworks */ = {isa = PBXBuildFile; fileRef = E7567F5F169B5B38004B51EC /* QuartzCore.framework */; };
		E7567F63169B6D72004B51EC /* CoreText.framework in Frameworks */ = {isa = PBXBuildFile; fileRef = E7567F62169B6D72004B51EC /* CoreText.framework */; };
		E7D01CAF16973D4C005E9084 /* UIKit.framework in Frameworks */ = {isa = PBXBuildFile; fileRef = E7D01CAE16973D4C005E9084 /* UIKit.framework */; };
		E7D01CB116973D4C005E9084 /* Foundation.framework in Frameworks */ = {isa = PBXBuildFile; fileRef = E7D01CB016973D4C005E9084 /* Foundation.framework */; };
		E7D01CB316973D4C005E9084 /* CoreGraphics.framework in Frameworks */ = {isa = PBXBuildFile; fileRef = E7D01CB216973D4C005E9084 /* CoreGraphics.framework */; };
		E7D01CB916973D4C005E9084 /* InfoPlist.strings in Resources */ = {isa = PBXBuildFile; fileRef = E7D01CB716973D4C005E9084 /* InfoPlist.strings */; };
		E7D01CBB16973D4C005E9084 /* main.m in Sources */ = {isa = PBXBuildFile; fileRef = E7D01CBA16973D4C005E9084 /* main.m */; };
		E7D01CBF16973D4C005E9084 /* IconCollectionAppDelegate.m in Sources */ = {isa = PBXBuildFile; fileRef = E7D01CBE16973D4C005E9084 /* IconCollectionAppDelegate.m */; };
		E7D01CC116973D4C005E9084 /* Default.png in Resources */ = {isa = PBXBuildFile; fileRef = E7D01CC016973D4C005E9084 /* Default.png */; };
		E7D01CC316973D4C005E9084 /* Default@2x.png in Resources */ = {isa = PBXBuildFile; fileRef = E7D01CC216973D4C005E9084 /* Default@2x.png */; };
		E7D01CC516973D4C005E9084 /* Default-568h@2x.png in Resources */ = {isa = PBXBuildFile; fileRef = E7D01CC416973D4C005E9084 /* Default-568h@2x.png */; };
		E7D01CC816973D4C005E9084 /* MainStoryboard.storyboard in Resources */ = {isa = PBXBuildFile; fileRef = E7D01CC616973D4C005E9084 /* MainStoryboard.storyboard */; };
		E7D01CCB16973D4C005E9084 /* IconViewController.m in Sources */ = {isa = PBXBuildFile; fileRef = E7D01CCA16973D4C005E9084 /* IconViewController.m */; };
		E7D01CD316973E07005E9084 /* climacons.ttf in Resources */ = {isa = PBXBuildFile; fileRef = E7D01CD116973E07005E9084 /* climacons.ttf */; };
		E7D01CD416973E07005E9084 /* icomoon.ttf in Resources */ = {isa = PBXBuildFile; fileRef = E7D01CD216973E07005E9084 /* icomoon.ttf */; };
		E7D01CDA169750D1005E9084 /* IconLabel.m in Sources */ = {isa = PBXBuildFile; fileRef = E7D01CD9169750D1005E9084 /* IconLabel.m */; };
		E7D01CDD169769C7005E9084 /* IconCollectionViewController.m in Sources */ = {isa = PBXBuildFile; fileRef = E7D01CDC169769C7005E9084 /* IconCollectionViewController.m */; };
		E7D363D81697773C006A222B /* IconCell.m in Sources */ = {isa = PBXBuildFile; fileRef = E7D363D71697773C006A222B /* IconCell.m */; };
/* End PBXBuildFile section */

/* Begin PBXFileReference section */
		E7567F5F169B5B38004B51EC /* QuartzCore.framework */ = {isa = PBXFileReference; lastKnownFileType = wrapper.framework; name = QuartzCore.framework; path = System/Library/Frameworks/QuartzCore.framework; sourceTree = SDKROOT; };
		E7567F62169B6D72004B51EC /* CoreText.framework */ = {isa = PBXFileReference; lastKnownFileType = wrapper.framework; name = CoreText.framework; path = System/Library/Frameworks/CoreText.framework; sourceTree = SDKROOT; };
		E7D01CAA16973D4C005E9084 /* IconCollection.app */ = {isa = PBXFileReference; explicitFileType = wrapper.application; includeInIndex = 0; path = IconCollection.app; sourceTree = BUILT_PRODUCTS_DIR; };
		E7D01CAE16973D4C005E9084 /* UIKit.framework */ = {isa = PBXFileReference; lastKnownFileType = wrapper.framework; name = UIKit.framework; path = System/Library/Frameworks/UIKit.framework; sourceTree = SDKROOT; };
		E7D01CB016973D4C005E9084 /* Foundation.framework */ = {isa = PBXFileReference; lastKnownFileType = wrapper.framework; name = Foundation.framework; path = System/Library/Frameworks/Foundation.framework; sourceTree = SDKROOT; };
		E7D01CB216973D4C005E9084 /* CoreGraphics.framework */ = {isa = PBXFileReference; lastKnownFileType = wrapper.framework; name = CoreGraphics.framework; path = System/Library/Frameworks/CoreGraphics.framework; sourceTree = SDKROOT; };
		E7D01CB616973D4C005E9084 /* IconCollection-Info.plist */ = {isa = PBXFileReference; lastKnownFileType = text.plist.xml; path = "IconCollection-Info.plist"; sourceTree = "<group>"; };
		E7D01CB816973D4C005E9084 /* en */ = {isa = PBXFileReference; lastKnownFileType = text.plist.strings; name = en; path = en.lproj/InfoPlist.strings; sourceTree = "<group>"; };
		E7D01CBA16973D4C005E9084 /* main.m */ = {isa = PBXFileReference; lastKnownFileType = sourcecode.c.objc; path = main.m; sourceTree = "<group>"; };
		E7D01CBC16973D4C005E9084 /* IconCollection-Prefix.pch */ = {isa = PBXFileReference; lastKnownFileType = sourcecode.c.h; path = "IconCollection-Prefix.pch"; sourceTree = "<group>"; };
		E7D01CBD16973D4C005E9084 /* IconCollectionAppDelegate.h */ = {isa = PBXFileReference; lastKnownFileType = sourcecode.c.h; path = IconCollectionAppDelegate.h; sourceTree = "<group>"; };
		E7D01CBE16973D4C005E9084 /* IconCollectionAppDelegate.m */ = {isa = PBXFileReference; lastKnownFileType = sourcecode.c.objc; path = IconCollectionAppDelegate.m; sourceTree = "<group>"; };
		E7D01CC016973D4C005E9084 /* Default.png */ = {isa = PBXFileReference; lastKnownFileType = image.png; path = Default.png; sourceTree = "<group>"; };
		E7D01CC216973D4C005E9084 /* Default@2x.png */ = {isa = PBXFileReference; lastKnownFileType = image.png; path = "Default@2x.png"; sourceTree = "<group>"; };
		E7D01CC416973D4C005E9084 /* Default-568h@2x.png */ = {isa = PBXFileReference; lastKnownFileType = image.png; path = "Default-568h@2x.png"; sourceTree = "<group>"; };
		E7D01CC716973D4C005E9084 /* en */ = {isa = PBXFileReference; lastKnownFileType = file.storyboard; name = en; path = en.lproj/MainStoryboard.storyboard; sourceTree = "<group>"; };
		E7D01CC916973D4C005E9084 /* IconViewController.h */ = {isa = PBXFileReference; lastKnownFileType = sourcecode.c.h; path = IconViewController.h; sourceTree = "<group>"; };
		E7D01CCA16973D4C005E9084 /* IconViewController.m */ = {isa = PBXFileReference; lastKnownFileType = sourcecode.c.objc; path = IconViewController.m; sourceTree = "<group>"; };
		E7D01CD116973E07005E9084 /* climacons.ttf */ = {isa = PBXFileReference; lastKnownFileType = file; path = climacons.ttf; sourceTree = "<group>"; };
		E7D01CD216973E07005E9084 /* icomoon.ttf */ = {isa = PBXFileReference; lastKnownFileType = file; path = icomoon.ttf; sourceTree = "<group>"; };
		E7D01CD8169750D1005E9084 /* IconLabel.h */ = {isa = PBXFileReference; fileEncoding = 4; lastKnownFileType = sourcecode.c.h; path = IconLabel.h; sourceTree = "<group>"; };
		E7D01CD9169750D1005E9084 /* IconLabel.m */ = {isa = PBXFileReference; fileEncoding = 4; lastKnownFileType = sourcecode.c.objc; path = IconLabel.m; sourceTree = "<group>"; };
		E7D01CDB169769C7005E9084 /* IconCollectionViewController.h */ = {isa = PBXFileReference; fileEncoding = 4; lastKnownFileType = sourcecode.c.h; path = IconCollectionViewController.h; sourceTree = "<group>"; };
		E7D01CDC169769C7005E9084 /* IconCollectionViewController.m */ = {isa = PBXFileReference; fileEncoding = 4; lastKnownFileType = sourcecode.c.objc; path = IconCollectionViewController.m; sourceTree = "<group>"; };
		E7D363D61697773C006A222B /* IconCell.h */ = {isa = PBXFileReference; fileEncoding = 4; lastKnownFileType = sourcecode.c.h; path = IconCell.h; sourceTree = "<group>"; };
		E7D363D71697773C006A222B /* IconCell.m */ = {isa = PBXFileReference; fileEncoding = 4; lastKnownFileType = sourcecode.c.objc; path = IconCell.m; sourceTree = "<group>"; };
/* End PBXFileReference section */

/* Begin PBXFrameworksBuildPhase section */
		E7D01CA716973D4C005E9084 /* Frameworks */ = {
			isa = PBXFrameworksBuildPhase;
			buildActionMask = 2147483647;
			files = (
				E7567F63169B6D72004B51EC /* CoreText.framework in Frameworks */,
				E7567F60169B5B38004B51EC /* QuartzCore.framework in Frameworks */,
				E7D01CAF16973D4C005E9084 /* UIKit.framework in Frameworks */,
				E7D01CB116973D4C005E9084 /* Foundation.framework in Frameworks */,
				E7D01CB316973D4C005E9084 /* CoreGraphics.framework in Frameworks */,
			);
			runOnlyForDeploymentPostprocessing = 0;
		};
/* End PBXFrameworksBuildPhase section */

/* Begin PBXGroup section */
		E7D01C9F16973D4C005E9084 = {
			isa = PBXGroup;
			children = (
				E7567F62169B6D72004B51EC /* CoreText.framework */,
				E7567F5F169B5B38004B51EC /* QuartzCore.framework */,
				E7D01CB416973D4C005E9084 /* IconCollection */,
				E7D01CAD16973D4C005E9084 /* Frameworks */,
				E7D01CAB16973D4C005E9084 /* Products */,
			);
			sourceTree = "<group>";
		};
		E7D01CAB16973D4C005E9084 /* Products */ = {
			isa = PBXGroup;
			children = (
				E7D01CAA16973D4C005E9084 /* IconCollection.app */,
			);
			name = Products;
			sourceTree = "<group>";
		};
		E7D01CAD16973D4C005E9084 /* Frameworks */ = {
			isa = PBXGroup;
			children = (
				E7D01CAE16973D4C005E9084 /* UIKit.framework */,
				E7D01CB016973D4C005E9084 /* Foundation.framework */,
				E7D01CB216973D4C005E9084 /* CoreGraphics.framework */,
			);
			name = Frameworks;
			sourceTree = "<group>";
		};
		E7D01CB416973D4C005E9084 /* IconCollection */ = {
			isa = PBXGroup;
			children = (
				E7D01CD116973E07005E9084 /* climacons.ttf */,
				E7D01CD216973E07005E9084 /* icomoon.ttf */,
				E7D01CBD16973D4C005E9084 /* IconCollectionAppDelegate.h */,
				E7D01CBE16973D4C005E9084 /* IconCollectionAppDelegate.m */,
				E7D01CC616973D4C005E9084 /* MainStoryboard.storyboard */,
				E7D01CC916973D4C005E9084 /* IconViewController.h */,
				E7D01CCA16973D4C005E9084 /* IconViewController.m */,
				E7D01CDB169769C7005E9084 /* IconCollectionViewController.h */,
				E7D01CDC169769C7005E9084 /* IconCollectionViewController.m */,
				E7D363D61697773C006A222B /* IconCell.h */,
				E7D363D71697773C006A222B /* IconCell.m */,
				E7D01CD8169750D1005E9084 /* IconLabel.h */,
				E7D01CD9169750D1005E9084 /* IconLabel.m */,
				E7D01CB516973D4C005E9084 /* Supporting Files */,
			);
			path = IconCollection;
			sourceTree = "<group>";
		};
		E7D01CB516973D4C005E9084 /* Supporting Files */ = {
			isa = PBXGroup;
			children = (
				E7D01CB616973D4C005E9084 /* IconCollection-Info.plist */,
				E7D01CB716973D4C005E9084 /* InfoPlist.strings */,
				E7D01CBA16973D4C005E9084 /* main.m */,
				E7D01CBC16973D4C005E9084 /* IconCollection-Prefix.pch */,
				E7D01CC016973D4C005E9084 /* Default.png */,
				E7D01CC216973D4C005E9084 /* Default@2x.png */,
				E7D01CC416973D4C005E9084 /* Default-568h@2x.png */,
			);
			name = "Supporting Files";
			sourceTree = "<group>";
		};
/* End PBXGroup section */

/* Begin PBXNativeTarget section */
		E7D01CA916973D4C005E9084 /* IconCollection */ = {
			isa = PBXNativeTarget;
			buildConfigurationList = E7D01CCE16973D4C005E9084 /* Build configuration list for PBXNativeTarget "IconCollection" */;
			buildPhases = (
				E7D01CA616973D4C005E9084 /* Sources */,
				E7D01CA716973D4C005E9084 /* Frameworks */,
				E7D01CA816973D4C005E9084 /* Resources */,
			);
			buildRules = (
			);
			dependencies = (
			);
			name = IconCollection;
			productName = IconCollection;
			productReference = E7D01CAA16973D4C005E9084 /* IconCollection.app */;
			productType = "com.apple.product-type.application";
		};
/* End PBXNativeTarget section */

/* Begin PBXProject section */
		E7D01CA116973D4C005E9084 /* Project object */ = {
			isa = PBXProject;
			attributes = {
				CLASSPREFIX = IconCollection;
				LastUpgradeCheck = 0450;
				ORGANIZATIONNAME = "Nate West";
			};
			buildConfigurationList = E7D01CA416973D4C005E9084 /* Build configuration list for PBXProject "IconCollection" */;
			compatibilityVersion = "Xcode 3.2";
			developmentRegion = English;
			hasScannedForEncodings = 0;
			knownRegions = (
				en,
				English,
			);
			mainGroup = E7D01C9F16973D4C005E9084;
			productRefGroup = E7D01CAB16973D4C005E9084 /* Products */;
			projectDirPath = "";
			projectRoot = "";
			targets = (
				E7D01CA916973D4C005E9084 /* IconCollection */,
			);
		};
/* End PBXProject section */

/* Begin PBXResourcesBuildPhase section */
		E7D01CA816973D4C005E9084 /* Resources */ = {
			isa = PBXResourcesBuildPhase;
			buildActionMask = 2147483647;
			files = (
				E7D01CB916973D4C005E9084 /* InfoPlist.strings in Resources */,
				E7D01CC116973D4C005E9084 /* Default.png in Resources */,
				E7D01CC316973D4C005E9084 /* Default@2x.png in Resources */,
				E7D01CC516973D4C005E9084 /* Default-568h@2x.png in Resources */,
				E7D01CC816973D4C005E9084 /* MainStoryboard.storyboard in Resources */,
				E7D01CD316973E07005E9084 /* climacons.ttf in Resources */,
				E7D01CD416973E07005E9084 /* icomoon.ttf in Resources */,
			);
			runOnlyForDeploymentPostprocessing = 0;
		};
/* End PBXResourcesBuildPhase section */

/* Begin PBXSourcesBuildPhase section */
		E7D01CA616973D4C005E9084 /* Sources */ = {
			isa = PBXSourcesBuildPhase;
			buildActionMask = 2147483647;
			files = (
				E7D01CBB16973D4C005E9084 /* main.m in Sources */,
				E7D01CBF16973D4C005E9084 /* IconCollectionAppDelegate.m in Sources */,
				E7D01CCB16973D4C005E9084 /* IconViewController.m in Sources */,
				E7D01CDA169750D1005E9084 /* IconLabel.m in Sources */,
				E7D01CDD169769C7005E9084 /* IconCollectionViewController.m in Sources */,
				E7D363D81697773C006A222B /* IconCell.m in Sources */,
			);
			runOnlyForDeploymentPostprocessing = 0;
		};
/* End PBXSourcesBuildPhase section */

/* Begin PBXVariantGroup section */
		E7D01CB716973D4C005E9084 /* InfoPlist.strings */ = {
			isa = PBXVariantGroup;
			children = (
				E7D01CB816973D4C005E9084 /* en */,
			);
			name = InfoPlist.strings;
			sourceTree = "<group>";
		};
		E7D01CC616973D4C005E9084 /* MainStoryboard.storyboard */ = {
			isa = PBXVariantGroup;
			children = (
				E7D01CC716973D4C005E9084 /* en */,
			);
			name = MainStoryboard.storyboard;
			sourceTree = "<group>";
		};
/* End PBXVariantGroup section */

/* Begin XCBuildConfiguration section */
		E7D01CCC16973D4C005E9084 /* Debug */ = {
			isa = XCBuildConfiguration;
			buildSettings = {
				ALWAYS_SEARCH_USER_PATHS = NO;
				CLANG_CXX_LANGUAGE_STANDARD = "gnu++0x";
				CLANG_CXX_LIBRARY = "libc++";
				CLANG_ENABLE_OBJC_ARC = YES;
				CLANG_WARN_EMPTY_BODY = YES;
				CLANG_WARN__DUPLICATE_METHOD_MATCH = YES;
				"CODE_SIGN_IDENTITY[sdk=iphoneos*]" = "iPhone Developer";
				COPY_PHASE_STRIP = NO;
				GCC_C_LANGUAGE_STANDARD = gnu99;
				GCC_DYNAMIC_NO_PIC = NO;
				GCC_OPTIMIZATION_LEVEL = 0;
				GCC_PREPROCESSOR_DEFINITIONS = (
					"DEBUG=1",
					"$(inherited)",
				);
				GCC_SYMBOLS_PRIVATE_EXTERN = NO;
				GCC_WARN_ABOUT_RETURN_TYPE = YES;
				GCC_WARN_UNINITIALIZED_AUTOS = YES;
				GCC_WARN_UNUSED_VARIABLE = YES;
				IPHONEOS_DEPLOYMENT_TARGET = 6.0;
				ONLY_ACTIVE_ARCH = YES;
				SDKROOT = iphoneos;
			};
			name = Debug;
		};
		E7D01CCD16973D4C005E9084 /* Release */ = {
			isa = XCBuildConfiguration;
			buildSettings = {
				ALWAYS_SEARCH_USER_PATHS = NO;
				CLANG_CXX_LANGUAGE_STANDARD = "gnu++0x";
				CLANG_CXX_LIBRARY = "libc++";
				CLANG_ENABLE_OBJC_ARC = YES;
				CLANG_WARN_EMPTY_BODY = YES;
				CLANG_WARN__DUPLICATE_METHOD_MATCH = YES;
				"CODE_SIGN_IDENTITY[sdk=iphoneos*]" = "iPhone Developer";
				COPY_PHASE_STRIP = YES;
				GCC_C_LANGUAGE_STANDARD = gnu99;
				GCC_WARN_ABOUT_RETURN_TYPE = YES;
				GCC_WARN_UNINITIALIZED_AUTOS = YES;
				GCC_WARN_UNUSED_VARIABLE = YES;
				IPHONEOS_DEPLOYMENT_TARGET = 6.0;
				OTHER_CFLAGS = "-DNS_BLOCK_ASSERTIONS=1";
				SDKROOT = iphoneos;
				VALIDATE_PRODUCT = YES;
			};
			name = Release;
		};
		E7D01CCF16973D4C005E9084 /* Debug */ = {
			isa = XCBuildConfiguration;
			buildSettings = {
				GCC_PRECOMPILE_PREFIX_HEADER = YES;
				GCC_PREFIX_HEADER = "IconCollection/IconCollection-Prefix.pch";
				INFOPLIST_FILE = "IconCollection/IconCollection-Info.plist";
				PRODUCT_NAME = "$(TARGET_NAME)";
				WRAPPER_EXTENSION = app;
			};
			name = Debug;
		};
		E7D01CD016973D4C005E9084 /* Release */ = {
			isa = XCBuildConfiguration;
			buildSettings = {
				GCC_PRECOMPILE_PREFIX_HEADER = YES;
				GCC_PREFIX_HEADER = "IconCollection/IconCollection-Prefix.pch";
				INFOPLIST_FILE = "IconCollection/IconCollection-Info.plist";
				PRODUCT_NAME = "$(TARGET_NAME)";
				WRAPPER_EXTENSION = app;
			};
			name = Release;
		};
/* End XCBuildConfiguration section */

/* Begin XCConfigurationList section */
		E7D01CA416973D4C005E9084 /* Build configuration list for PBXProject "IconCollection" */ = {
			isa = XCConfigurationList;
			buildConfigurations = (
				E7D01CCC16973D4C005E9084 /* Debug */,
				E7D01CCD16973D4C005E9084 /* Release */,
			);
			defaultConfigurationIsVisible = 0;
			defaultConfigurationName = Release;
		};
		E7D01CCE16973D4C005E9084 /* Build configuration list for PBXNativeTarget "IconCollection" */ = {
			isa = XCConfigurationList;
			buildConfigurations = (
				E7D01CCF16973D4C005E9084 /* Debug */,
				E7D01CD016973D4C005E9084 /* Release */,
			);
			defaultConfigurationIsVisible = 0;
			defaultConfigurationName = Release;
		};
/* End XCConfigurationList section */
	};
	rootObject = E7D01CA116973D4C005E9084 /* Project object */;
}
